// !$*UTF8*$!
{
	archiveVersion = 1;
	classes = {
	};
	objectVersion = 51;
	objects = {

/* Begin PBXBuildFile section */
		1F1831D570C8E075BB432F53 /* Pods_MeowMeowApp.framework in Frameworks */ = {isa = PBXBuildFile; fileRef = C3C522A715E2DA5B792790BD /* Pods_MeowMeowApp.framework */; };
		DC4E8BDC260458D000BD81F5 /* giphy.gif in Resources */ = {isa = PBXBuildFile; fileRef = DC4E8BDB260458CF00BD81F5 /* giphy.gif */; };
		DC9847E925AFF4E400F07F71 /* GetFromApiView.swift in Sources */ = {isa = PBXBuildFile; fileRef = DC9847E825AFF4E300F07F71 /* GetFromApiView.swift */; };
		DC9847EC25AFF65F00F07F71 /* GetFromApiViewController.swift in Sources */ = {isa = PBXBuildFile; fileRef = DC9847EB25AFF65F00F07F71 /* GetFromApiViewController.swift */; };
		DC9847F925AFFF5B00F07F71 /* MainCell.swift in Sources */ = {isa = PBXBuildFile; fileRef = DC9847F825AFFF5B00F07F71 /* MainCell.swift */; };
		DC9D8A9B25B13A44001C4E34 /* Cocktail.swift in Sources */ = {isa = PBXBuildFile; fileRef = DC9D8A9A25B13A44001C4E34 /* Cocktail.swift */; };
		DC9D8AA525B14F1C001C4E34 /* StorageKeys.swift in Sources */ = {isa = PBXBuildFile; fileRef = DC9D8AA425B14F1C001C4E34 /* StorageKeys.swift */; };
		DC9D8AAB25B151F8001C4E34 /* LoginViewController.swift in Sources */ = {isa = PBXBuildFile; fileRef = DC9D8AAA25B151F8001C4E34 /* LoginViewController.swift */; };
		DC9D8AAE25B156E3001C4E34 /* LoginView.swift in Sources */ = {isa = PBXBuildFile; fileRef = DC9D8AAD25B156E3001C4E34 /* LoginView.swift */; };
		DCBE2D6F25A5724700FD7C8F /* AppDelegate.swift in Sources */ = {isa = PBXBuildFile; fileRef = DCBE2D6E25A5724700FD7C8F /* AppDelegate.swift */; };
		DCBE2D7125A5724700FD7C8F /* SceneDelegate.swift in Sources */ = {isa = PBXBuildFile; fileRef = DCBE2D7025A5724700FD7C8F /* SceneDelegate.swift */; };
		DCBE2D7325A5724700FD7C8F /* ContentView.swift in Sources */ = {isa = PBXBuildFile; fileRef = DCBE2D7225A5724700FD7C8F /* ContentView.swift */; };
		DCBE2D7525A5724B00FD7C8F /* Assets.xcassets in Resources */ = {isa = PBXBuildFile; fileRef = DCBE2D7425A5724B00FD7C8F /* Assets.xcassets */; };
		DCBE2D7825A5724B00FD7C8F /* Preview Assets.xcassets in Resources */ = {isa = PBXBuildFile; fileRef = DCBE2D7725A5724B00FD7C8F /* Preview Assets.xcassets */; };
		DCBE2D7B25A5724B00FD7C8F /* LaunchScreen.storyboard in Resources */ = {isa = PBXBuildFile; fileRef = DCBE2D7925A5724B00FD7C8F /* LaunchScreen.storyboard */; };
		DCBE2D8825A572E700FD7C8F /* DiceView.swift in Sources */ = {isa = PBXBuildFile; fileRef = DCBE2D8725A572E700FD7C8F /* DiceView.swift */; };
		DCBE2D8C25A572FF00FD7C8F /* DiceViewController.swift in Sources */ = {isa = PBXBuildFile; fileRef = DCBE2D8B25A572FF00FD7C8F /* DiceViewController.swift */; };
		DCDCDE3425A6F832002EE9FB /* RootView.swift in Sources */ = {isa = PBXBuildFile; fileRef = DCDCDE3325A6F832002EE9FB /* RootView.swift */; };
		DCDCDE3825A6F869002EE9FB /* RootViewController.swift in Sources */ = {isa = PBXBuildFile; fileRef = DCDCDE3725A6F869002EE9FB /* RootViewController.swift */; };
		DCDCDE3B25A7019C002EE9FB /* iOSDevCenters+GIF.swift in Sources */ = {isa = PBXBuildFile; fileRef = DCDCDE3A25A7019C002EE9FB /* iOSDevCenters+GIF.swift */; };
		DCDCDE4225A807FC002EE9FB /* QuizzlerView.swift in Sources */ = {isa = PBXBuildFile; fileRef = DCDCDE4125A807FB002EE9FB /* QuizzlerView.swift */; };
		DCDCDE4525A80812002EE9FB /* QuizzlerViewController.swift in Sources */ = {isa = PBXBuildFile; fileRef = DCDCDE4425A80812002EE9FB /* QuizzlerViewController.swift */; };
		DCDCDE4925A84052002EE9FB /* Question.swift in Sources */ = {isa = PBXBuildFile; fileRef = DCDCDE4825A84052002EE9FB /* Question.swift */; };
		DCDCDE4C25A8406A002EE9FB /* QuestionList.swift in Sources */ = {isa = PBXBuildFile; fileRef = DCDCDE4B25A8406A002EE9FB /* QuestionList.swift */; };
/* End PBXBuildFile section */

/* Begin PBXFileReference section */
		0BFDB4D803C1B3B507886E06 /* Pods-MeowMeowApp.release.xcconfig */ = {isa = PBXFileReference; includeInIndex = 1; lastKnownFileType = text.xcconfig; name = "Pods-MeowMeowApp.release.xcconfig"; path = "Target Support Files/Pods-MeowMeowApp/Pods-MeowMeowApp.release.xcconfig"; sourceTree = "<group>"; };
		2FC8544C06E2527C896F1F11 /* Pods-DiceApp.release.xcconfig */ = {isa = PBXFileReference; includeInIndex = 1; lastKnownFileType = text.xcconfig; name = "Pods-DiceApp.release.xcconfig"; path = "Target Support Files/Pods-DiceApp/Pods-DiceApp.release.xcconfig"; sourceTree = "<group>"; };
		79EC6A19E43C5DAA31C7FC4D /* Pods-MeowMeowApp.debug.xcconfig */ = {isa = PBXFileReference; includeInIndex = 1; lastKnownFileType = text.xcconfig; name = "Pods-MeowMeowApp.debug.xcconfig"; path = "Target Support Files/Pods-MeowMeowApp/Pods-MeowMeowApp.debug.xcconfig"; sourceTree = "<group>"; };
		AF9810D43C1F242C215B72F4 /* Pods-DiceApp.debug.xcconfig */ = {isa = PBXFileReference; includeInIndex = 1; lastKnownFileType = text.xcconfig; name = "Pods-DiceApp.debug.xcconfig"; path = "Target Support Files/Pods-DiceApp/Pods-DiceApp.debug.xcconfig"; sourceTree = "<group>"; };
		C3C522A715E2DA5B792790BD /* Pods_MeowMeowApp.framework */ = {isa = PBXFileReference; explicitFileType = wrapper.framework; includeInIndex = 0; path = Pods_MeowMeowApp.framework; sourceTree = BUILT_PRODUCTS_DIR; };
		DC4E8BDB260458CF00BD81F5 /* giphy.gif */ = {isa = PBXFileReference; lastKnownFileType = image.gif; path = giphy.gif; sourceTree = SOURCE_ROOT; };
		DC9847E825AFF4E300F07F71 /* GetFromApiView.swift */ = {isa = PBXFileReference; lastKnownFileType = sourcecode.swift; path = GetFromApiView.swift; sourceTree = "<group>"; };
		DC9847EB25AFF65F00F07F71 /* GetFromApiViewController.swift */ = {isa = PBXFileReference; lastKnownFileType = sourcecode.swift; path = GetFromApiViewController.swift; sourceTree = "<group>"; };
		DC9847F825AFFF5B00F07F71 /* MainCell.swift */ = {isa = PBXFileReference; lastKnownFileType = sourcecode.swift; path = MainCell.swift; sourceTree = "<group>"; };
		DC9D8A9A25B13A44001C4E34 /* Cocktail.swift */ = {isa = PBXFileReference; lastKnownFileType = sourcecode.swift; path = Cocktail.swift; sourceTree = "<group>"; };
		DC9D8AA425B14F1C001C4E34 /* StorageKeys.swift */ = {isa = PBXFileReference; lastKnownFileType = sourcecode.swift; path = StorageKeys.swift; sourceTree = "<group>"; };
		DC9D8AAA25B151F8001C4E34 /* LoginViewController.swift */ = {isa = PBXFileReference; lastKnownFileType = sourcecode.swift; path = LoginViewController.swift; sourceTree = "<group>"; };
		DC9D8AAD25B156E3001C4E34 /* LoginView.swift */ = {isa = PBXFileReference; lastKnownFileType = sourcecode.swift; path = LoginView.swift; sourceTree = "<group>"; };
		DCBE2D6B25A5724700FD7C8F /* MeowMeowApp.app */ = {isa = PBXFileReference; explicitFileType = wrapper.application; includeInIndex = 0; path = MeowMeowApp.app; sourceTree = BUILT_PRODUCTS_DIR; };
		DCBE2D6E25A5724700FD7C8F /* AppDelegate.swift */ = {isa = PBXFileReference; lastKnownFileType = sourcecode.swift; path = AppDelegate.swift; sourceTree = "<group>"; };
		DCBE2D7025A5724700FD7C8F /* SceneDelegate.swift */ = {isa = PBXFileReference; lastKnownFileType = sourcecode.swift; path = SceneDelegate.swift; sourceTree = "<group>"; };
		DCBE2D7225A5724700FD7C8F /* ContentView.swift */ = {isa = PBXFileReference; lastKnownFileType = sourcecode.swift; path = ContentView.swift; sourceTree = "<group>"; };
		DCBE2D7425A5724B00FD7C8F /* Assets.xcassets */ = {isa = PBXFileReference; lastKnownFileType = folder.assetcatalog; path = Assets.xcassets; sourceTree = "<group>"; };
		DCBE2D7725A5724B00FD7C8F /* Preview Assets.xcassets */ = {isa = PBXFileReference; lastKnownFileType = folder.assetcatalog; path = "Preview Assets.xcassets"; sourceTree = "<group>"; };
		DCBE2D7A25A5724B00FD7C8F /* Base */ = {isa = PBXFileReference; lastKnownFileType = file.storyboard; name = Base; path = Base.lproj/LaunchScreen.storyboard; sourceTree = "<group>"; };
		DCBE2D7C25A5724B00FD7C8F /* Info.plist */ = {isa = PBXFileReference; lastKnownFileType = text.plist.xml; path = Info.plist; sourceTree = "<group>"; };
		DCBE2D8725A572E700FD7C8F /* DiceView.swift */ = {isa = PBXFileReference; lastKnownFileType = sourcecode.swift; path = DiceView.swift; sourceTree = "<group>"; };
		DCBE2D8B25A572FF00FD7C8F /* DiceViewController.swift */ = {isa = PBXFileReference; lastKnownFileType = sourcecode.swift; path = DiceViewController.swift; sourceTree = "<group>"; };
		DCDCDE3325A6F832002EE9FB /* RootView.swift */ = {isa = PBXFileReference; lastKnownFileType = sourcecode.swift; path = RootView.swift; sourceTree = "<group>"; };
		DCDCDE3725A6F869002EE9FB /* RootViewController.swift */ = {isa = PBXFileReference; lastKnownFileType = sourcecode.swift; path = RootViewController.swift; sourceTree = "<group>"; };
		DCDCDE3A25A7019C002EE9FB /* iOSDevCenters+GIF.swift */ = {isa = PBXFileReference; lastKnownFileType = sourcecode.swift; path = "iOSDevCenters+GIF.swift"; sourceTree = "<group>"; };
		DCDCDE4125A807FB002EE9FB /* QuizzlerView.swift */ = {isa = PBXFileReference; lastKnownFileType = sourcecode.swift; path = QuizzlerView.swift; sourceTree = "<group>"; };
		DCDCDE4425A80812002EE9FB /* QuizzlerViewController.swift */ = {isa = PBXFileReference; lastKnownFileType = sourcecode.swift; path = QuizzlerViewController.swift; sourceTree = "<group>"; };
		DCDCDE4825A84052002EE9FB /* Question.swift */ = {isa = PBXFileReference; lastKnownFileType = sourcecode.swift; path = Question.swift; sourceTree = "<group>"; };
		DCDCDE4B25A8406A002EE9FB /* QuestionList.swift */ = {isa = PBXFileReference; lastKnownFileType = sourcecode.swift; path = QuestionList.swift; sourceTree = "<group>"; };
/* End PBXFileReference section */

/* Begin PBXFrameworksBuildPhase section */
		DCBE2D6825A5724700FD7C8F /* Frameworks */ = {
			isa = PBXFrameworksBuildPhase;
			buildActionMask = 2147483647;
			files = (
				1F1831D570C8E075BB432F53 /* Pods_MeowMeowApp.framework in Frameworks */,
			);
			runOnlyForDeploymentPostprocessing = 0;
		};
/* End PBXFrameworksBuildPhase section */

/* Begin PBXGroup section */
		05FFC09F8EF136E68712B619 /* Frameworks */ = {
			isa = PBXGroup;
			children = (
				C3C522A715E2DA5B792790BD /* Pods_MeowMeowApp.framework */,
			);
			name = Frameworks;
			sourceTree = "<group>";
		};
		1E63C38EDE73A8A23B97FB0F /* Pods */ = {
			isa = PBXGroup;
			children = (
				AF9810D43C1F242C215B72F4 /* Pods-DiceApp.debug.xcconfig */,
				2FC8544C06E2527C896F1F11 /* Pods-DiceApp.release.xcconfig */,
				79EC6A19E43C5DAA31C7FC4D /* Pods-MeowMeowApp.debug.xcconfig */,
				0BFDB4D803C1B3B507886E06 /* Pods-MeowMeowApp.release.xcconfig */,
			);
			path = Pods;
			sourceTree = "<group>";
		};
		DC9847EE25AFF7E000F07F71 /* DiceView */ = {
			isa = PBXGroup;
			children = (
				DCBE2D8725A572E700FD7C8F /* DiceView.swift */,
			);
			path = DiceView;
			sourceTree = "<group>";
		};
		DC9847EF25AFF7ED00F07F71 /* QuizzlerView */ = {
			isa = PBXGroup;
			children = (
				DCDCDE4125A807FB002EE9FB /* QuizzlerView.swift */,
			);
			path = QuizzlerView;
			sourceTree = "<group>";
		};
		DC9847F025AFF7FA00F07F71 /* GetFromApiView */ = {
			isa = PBXGroup;
			children = (
				DC9847E825AFF4E300F07F71 /* GetFromApiView.swift */,
			);
			path = GetFromApiView;
			sourceTree = "<group>";
		};
		DC9847F125AFF81200F07F71 /* GetFromApiViewController */ = {
			isa = PBXGroup;
			children = (
				DC9847EB25AFF65F00F07F71 /* GetFromApiViewController.swift */,
				DC9847F825AFFF5B00F07F71 /* MainCell.swift */,
			);
			path = GetFromApiViewController;
			sourceTree = "<group>";
		};
		DC9847F225AFF82000F07F71 /* DiceViewController */ = {
			isa = PBXGroup;
			children = (
				DCBE2D8B25A572FF00FD7C8F /* DiceViewController.swift */,
			);
			path = DiceViewController;
			sourceTree = "<group>";
		};
		DC9847F325AFF83700F07F71 /* QuizzlerViewController */ = {
			isa = PBXGroup;
			children = (
				DCDCDE4425A80812002EE9FB /* QuizzlerViewController.swift */,
			);
			path = QuizzlerViewController;
			sourceTree = "<group>";
		};
		DC9D8A9D25B13A4E001C4E34 /* Cocktail */ = {
			isa = PBXGroup;
			children = (
				DC9D8A9A25B13A44001C4E34 /* Cocktail.swift */,
			);
			path = Cocktail;
			sourceTree = "<group>";
		};
		DC9D8AA325B14EF8001C4E34 /* Constants */ = {
			isa = PBXGroup;
			children = (
				DC9D8AA425B14F1C001C4E34 /* StorageKeys.swift */,
			);
			path = Constants;
			sourceTree = "<group>";
		};
		DC9D8AA725B151CA001C4E34 /* LoginView */ = {
			isa = PBXGroup;
			children = (
				DC9D8AAD25B156E3001C4E34 /* LoginView.swift */,
			);
			path = LoginView;
			sourceTree = "<group>";
		};
		DC9D8AA925B151D7001C4E34 /* LoginViewController */ = {
			isa = PBXGroup;
			children = (
				DC9D8AAA25B151F8001C4E34 /* LoginViewController.swift */,
			);
			path = LoginViewController;
			sourceTree = "<group>";
		};
		DCBE2D6225A5724700FD7C8F = {
			isa = PBXGroup;
			children = (
				DCBE2D6D25A5724700FD7C8F /* MeowMeowApp */,
				DCBE2D6C25A5724700FD7C8F /* Products */,
				1E63C38EDE73A8A23B97FB0F /* Pods */,
				05FFC09F8EF136E68712B619 /* Frameworks */,
			);
			sourceTree = "<group>";
		};
		DCBE2D6C25A5724700FD7C8F /* Products */ = {
			isa = PBXGroup;
			children = (
				DCBE2D6B25A5724700FD7C8F /* MeowMeowApp.app */,
			);
			name = Products;
			sourceTree = "<group>";
		};
		DCBE2D6D25A5724700FD7C8F /* MeowMeowApp */ = {
			isa = PBXGroup;
			children = (
				DCBE2D8625A572C100FD7C8F /* Source */,
				DCBE2D6E25A5724700FD7C8F /* AppDelegate.swift */,
				DC4E8BDB260458CF00BD81F5 /* giphy.gif */,
				DCBE2D7025A5724700FD7C8F /* SceneDelegate.swift */,
				DCDCDE3A25A7019C002EE9FB /* iOSDevCenters+GIF.swift */,
				DCBE2D7225A5724700FD7C8F /* ContentView.swift */,
				DCBE2D7425A5724B00FD7C8F /* Assets.xcassets */,
				DCBE2D7925A5724B00FD7C8F /* LaunchScreen.storyboard */,
				DCBE2D7C25A5724B00FD7C8F /* Info.plist */,
				DCBE2D7625A5724B00FD7C8F /* Preview Content */,
			);
			path = MeowMeowApp;
			sourceTree = "<group>";
		};
		DCBE2D7625A5724B00FD7C8F /* Preview Content */ = {
			isa = PBXGroup;
			children = (
				DCBE2D7725A5724B00FD7C8F /* Preview Assets.xcassets */,
			);
			path = "Preview Content";
			sourceTree = "<group>";
		};
		DCBE2D8325A5728C00FD7C8F /* Views */ = {
			isa = PBXGroup;
			children = (
				DC9D8AA725B151CA001C4E34 /* LoginView */,
				DC9847F025AFF7FA00F07F71 /* GetFromApiView */,
				DC9847EF25AFF7ED00F07F71 /* QuizzlerView */,
				DC9847EE25AFF7E000F07F71 /* DiceView */,
				DCDCDE3325A6F832002EE9FB /* RootView.swift */,
			);
			path = Views;
			sourceTree = "<group>";
		};
		DCBE2D8425A5729B00FD7C8F /* Controllers */ = {
			isa = PBXGroup;
			children = (
				DC9D8AA925B151D7001C4E34 /* LoginViewController */,
				DC9847F325AFF83700F07F71 /* QuizzlerViewController */,
				DC9847F225AFF82000F07F71 /* DiceViewController */,
				DC9847F125AFF81200F07F71 /* GetFromApiViewController */,
				DCDCDE3725A6F869002EE9FB /* RootViewController.swift */,
			);
			path = Controllers;
			sourceTree = "<group>";
		};
		DCBE2D8525A572A800FD7C8F /* Modals */ = {
			isa = PBXGroup;
			children = (
				DC9D8A9D25B13A4E001C4E34 /* Cocktail */,
				DCDCDE4725A8403D002EE9FB /* Questions */,
			);
			path = Modals;
			sourceTree = "<group>";
		};
		DCBE2D8625A572C100FD7C8F /* Source */ = {
			isa = PBXGroup;
			children = (
				DC9D8AA325B14EF8001C4E34 /* Constants */,
				DCBE2D8525A572A800FD7C8F /* Modals */,
				DCBE2D8425A5729B00FD7C8F /* Controllers */,
				DCBE2D8325A5728C00FD7C8F /* Views */,
			);
			path = Source;
			sourceTree = "<group>";
		};
		DCDCDE4725A8403D002EE9FB /* Questions */ = {
			isa = PBXGroup;
			children = (
				DCDCDE4825A84052002EE9FB /* Question.swift */,
				DCDCDE4B25A8406A002EE9FB /* QuestionList.swift */,
			);
			path = Questions;
			sourceTree = "<group>";
		};
/* End PBXGroup section */

/* Begin PBXNativeTarget section */
		DCBE2D6A25A5724700FD7C8F /* MeowMeowApp */ = {
			isa = PBXNativeTarget;
			buildConfigurationList = DCBE2D7F25A5724B00FD7C8F /* Build configuration list for PBXNativeTarget "MeowMeowApp" */;
			buildPhases = (
				12C639FDE7C373EAD69E6A37 /* [CP] Check Pods Manifest.lock */,
				DCBE2D6725A5724700FD7C8F /* Sources */,
				DCBE2D6825A5724700FD7C8F /* Frameworks */,
				DCBE2D6925A5724700FD7C8F /* Resources */,
				8D56BD79053E938FA0D7E142 /* [CP] Embed Pods Frameworks */,
			);
			buildRules = (
			);
			dependencies = (
			);
			name = MeowMeowApp;
			productName = DiceApp;
			productReference = DCBE2D6B25A5724700FD7C8F /* MeowMeowApp.app */;
			productType = "com.apple.product-type.application";
		};
/* End PBXNativeTarget section */

/* Begin PBXProject section */
		DCBE2D6325A5724700FD7C8F /* Project object */ = {
			isa = PBXProject;
			attributes = {
				LastSwiftUpdateCheck = 1220;
				LastUpgradeCheck = 1220;
				TargetAttributes = {
					DCBE2D6A25A5724700FD7C8F = {
						CreatedOnToolsVersion = 12.2;
					};
				};
			};
			buildConfigurationList = DCBE2D6625A5724700FD7C8F /* Build configuration list for PBXProject "MeowMeowApp" */;
			compatibilityVersion = "Xcode 9.3";
			developmentRegion = en;
			hasScannedForEncodings = 0;
			knownRegions = (
				en,
				Base,
			);
			mainGroup = DCBE2D6225A5724700FD7C8F;
			productRefGroup = DCBE2D6C25A5724700FD7C8F /* Products */;
			projectDirPath = "";
			projectRoot = "";
			targets = (
				DCBE2D6A25A5724700FD7C8F /* MeowMeowApp */,
			);
		};
/* End PBXProject section */

/* Begin PBXResourcesBuildPhase section */
		DCBE2D6925A5724700FD7C8F /* Resources */ = {
			isa = PBXResourcesBuildPhase;
			buildActionMask = 2147483647;
			files = (
				DCBE2D7B25A5724B00FD7C8F /* LaunchScreen.storyboard in Resources */,
				DCBE2D7825A5724B00FD7C8F /* Preview Assets.xcassets in Resources */,
				DC4E8BDC260458D000BD81F5 /* giphy.gif in Resources */,
				DCBE2D7525A5724B00FD7C8F /* Assets.xcassets in Resources */,
			);
			runOnlyForDeploymentPostprocessing = 0;
		};
/* End PBXResourcesBuildPhase section */

/* Begin PBXShellScriptBuildPhase section */
		12C639FDE7C373EAD69E6A37 /* [CP] Check Pods Manifest.lock */ = {
			isa = PBXShellScriptBuildPhase;
			buildActionMask = 2147483647;
			files = (
			);
			inputFileListPaths = (
			);
			inputPaths = (
				"${PODS_PODFILE_DIR_PATH}/Podfile.lock",
				"${PODS_ROOT}/Manifest.lock",
			);
			name = "[CP] Check Pods Manifest.lock";
			outputFileListPaths = (
			);
			outputPaths = (
				"$(DERIVED_FILE_DIR)/Pods-MeowMeowApp-checkManifestLockResult.txt",
			);
			runOnlyForDeploymentPostprocessing = 0;
			shellPath = /bin/sh;
			shellScript = "diff \"${PODS_PODFILE_DIR_PATH}/Podfile.lock\" \"${PODS_ROOT}/Manifest.lock\" > /dev/null\nif [ $? != 0 ] ; then\n    # print error to STDERR\n    echo \"error: The sandbox is not in sync with the Podfile.lock. Run 'pod install' or update your CocoaPods installation.\" >&2\n    exit 1\nfi\n# This output is used by Xcode 'outputs' to avoid re-running this script phase.\necho \"SUCCESS\" > \"${SCRIPT_OUTPUT_FILE_0}\"\n";
			showEnvVarsInLog = 0;
		};
		8D56BD79053E938FA0D7E142 /* [CP] Embed Pods Frameworks */ = {
			isa = PBXShellScriptBuildPhase;
			buildActionMask = 2147483647;
			files = (
			);
			inputFileListPaths = (
				"${PODS_ROOT}/Target Support Files/Pods-MeowMeowApp/Pods-MeowMeowApp-frameworks-${CONFIGURATION}-input-files.xcfilelist",
			);
			name = "[CP] Embed Pods Frameworks";
			outputFileListPaths = (
				"${PODS_ROOT}/Target Support Files/Pods-MeowMeowApp/Pods-MeowMeowApp-frameworks-${CONFIGURATION}-output-files.xcfilelist",
			);
			runOnlyForDeploymentPostprocessing = 0;
			shellPath = /bin/sh;
			shellScript = "\"${PODS_ROOT}/Target Support Files/Pods-MeowMeowApp/Pods-MeowMeowApp-frameworks.sh\"\n";
			showEnvVarsInLog = 0;
		};
/* End PBXShellScriptBuildPhase section */

/* Begin PBXSourcesBuildPhase section */
		DCBE2D6725A5724700FD7C8F /* Sources */ = {
			isa = PBXSourcesBuildPhase;
			buildActionMask = 2147483647;
			files = (
				DC9D8AAB25B151F8001C4E34 /* LoginViewController.swift in Sources */,
				DCBE2D8C25A572FF00FD7C8F /* DiceViewController.swift in Sources */,
				DC9D8AA525B14F1C001C4E34 /* StorageKeys.swift in Sources */,
				DCDCDE3B25A7019C002EE9FB /* iOSDevCenters+GIF.swift in Sources */,
				DCBE2D6F25A5724700FD7C8F /* AppDelegate.swift in Sources */,
				DC9D8A9B25B13A44001C4E34 /* Cocktail.swift in Sources */,
				DCDCDE3425A6F832002EE9FB /* RootView.swift in Sources */,
				DC9847F925AFFF5B00F07F71 /* MainCell.swift in Sources */,
				DC9847EC25AFF65F00F07F71 /* GetFromApiViewController.swift in Sources */,
				DCDCDE4225A807FC002EE9FB /* QuizzlerView.swift in Sources */,
				DCDCDE3825A6F869002EE9FB /* RootViewController.swift in Sources */,
				DCBE2D7125A5724700FD7C8F /* SceneDelegate.swift in Sources */,
				DCBE2D7325A5724700FD7C8F /* ContentView.swift in Sources */,
				DC9847E925AFF4E400F07F71 /* GetFromApiView.swift in Sources */,
				DCDCDE4525A80812002EE9FB /* QuizzlerViewController.swift in Sources */,
				DCDCDE4C25A8406A002EE9FB /* QuestionList.swift in Sources */,
				DC9D8AAE25B156E3001C4E34 /* LoginView.swift in Sources */,
				DCDCDE4925A84052002EE9FB /* Question.swift in Sources */,
				DCBE2D8825A572E700FD7C8F /* DiceView.swift in Sources */,
			);
			runOnlyForDeploymentPostprocessing = 0;
		};
/* End PBXSourcesBuildPhase section */

/* Begin PBXVariantGroup section */
		DCBE2D7925A5724B00FD7C8F /* LaunchScreen.storyboard */ = {
			isa = PBXVariantGroup;
			children = (
				DCBE2D7A25A5724B00FD7C8F /* Base */,
			);
			name = LaunchScreen.storyboard;
			sourceTree = "<group>";
		};
/* End PBXVariantGroup section */

/* Begin XCBuildConfiguration section */
		DCBE2D7D25A5724B00FD7C8F /* Debug */ = {
			isa = XCBuildConfiguration;
			buildSettings = {
				ALWAYS_SEARCH_USER_PATHS = NO;
				CLANG_ANALYZER_NONNULL = YES;
				CLANG_ANALYZER_NUMBER_OBJECT_CONVERSION = YES_AGGRESSIVE;
				CLANG_CXX_LANGUAGE_STANDARD = "gnu++14";
				CLANG_CXX_LIBRARY = "libc++";
				CLANG_ENABLE_MODULES = YES;
				CLANG_ENABLE_OBJC_ARC = YES;
				CLANG_ENABLE_OBJC_WEAK = YES;
				CLANG_WARN_BLOCK_CAPTURE_AUTORELEASING = YES;
				CLANG_WARN_BOOL_CONVERSION = YES;
				CLANG_WARN_COMMA = YES;
				CLANG_WARN_CONSTANT_CONVERSION = YES;
				CLANG_WARN_DEPRECATED_OBJC_IMPLEMENTATIONS = YES;
				CLANG_WARN_DIRECT_OBJC_ISA_USAGE = YES_ERROR;
				CLANG_WARN_DOCUMENTATION_COMMENTS = YES;
				CLANG_WARN_EMPTY_BODY = YES;
				CLANG_WARN_ENUM_CONVERSION = YES;
				CLANG_WARN_INFINITE_RECURSION = YES;
				CLANG_WARN_INT_CONVERSION = YES;
				CLANG_WARN_NON_LITERAL_NULL_CONVERSION = YES;
				CLANG_WARN_OBJC_IMPLICIT_RETAIN_SELF = YES;
				CLANG_WARN_OBJC_LITERAL_CONVERSION = YES;
				CLANG_WARN_OBJC_ROOT_CLASS = YES_ERROR;
				CLANG_WARN_QUOTED_INCLUDE_IN_FRAMEWORK_HEADER = YES;
				CLANG_WARN_RANGE_LOOP_ANALYSIS = YES;
				CLANG_WARN_STRICT_PROTOTYPES = YES;
				CLANG_WARN_SUSPICIOUS_MOVE = YES;
				CLANG_WARN_UNGUARDED_AVAILABILITY = YES_AGGRESSIVE;
				CLANG_WARN_UNREACHABLE_CODE = YES;
				CLANG_WARN__DUPLICATE_METHOD_MATCH = YES;
				COPY_PHASE_STRIP = NO;
				DEBUG_INFORMATION_FORMAT = dwarf;
				ENABLE_STRICT_OBJC_MSGSEND = YES;
				ENABLE_TESTABILITY = YES;
				GCC_C_LANGUAGE_STANDARD = gnu11;
				GCC_DYNAMIC_NO_PIC = NO;
				GCC_NO_COMMON_BLOCKS = YES;
				GCC_OPTIMIZATION_LEVEL = 0;
				GCC_PREPROCESSOR_DEFINITIONS = (
					"DEBUG=1",
					"$(inherited)",
				);
				GCC_WARN_64_TO_32_BIT_CONVERSION = YES;
				GCC_WARN_ABOUT_RETURN_TYPE = YES_ERROR;
				GCC_WARN_UNDECLARED_SELECTOR = YES;
				GCC_WARN_UNINITIALIZED_AUTOS = YES_AGGRESSIVE;
				GCC_WARN_UNUSED_FUNCTION = YES;
				GCC_WARN_UNUSED_VARIABLE = YES;
				IPHONEOS_DEPLOYMENT_TARGET = 14.2;
				MTL_ENABLE_DEBUG_INFO = INCLUDE_SOURCE;
				MTL_FAST_MATH = YES;
				ONLY_ACTIVE_ARCH = YES;
				SDKROOT = iphoneos;
				SWIFT_ACTIVE_COMPILATION_CONDITIONS = DEBUG;
				SWIFT_OPTIMIZATION_LEVEL = "-Onone";
			};
			name = Debug;
		};
		DCBE2D7E25A5724B00FD7C8F /* Release */ = {
			isa = XCBuildConfiguration;
			buildSettings = {
				ALWAYS_SEARCH_USER_PATHS = NO;
				CLANG_ANALYZER_NONNULL = YES;
				CLANG_ANALYZER_NUMBER_OBJECT_CONVERSION = YES_AGGRESSIVE;
				CLANG_CXX_LANGUAGE_STANDARD = "gnu++14";
				CLANG_CXX_LIBRARY = "libc++";
				CLANG_ENABLE_MODULES = YES;
				CLANG_ENABLE_OBJC_ARC = YES;
				CLANG_ENABLE_OBJC_WEAK = YES;
				CLANG_WARN_BLOCK_CAPTURE_AUTORELEASING = YES;
				CLANG_WARN_BOOL_CONVERSION = YES;
				CLANG_WARN_COMMA = YES;
				CLANG_WARN_CONSTANT_CONVERSION = YES;
				CLANG_WARN_DEPRECATED_OBJC_IMPLEMENTATIONS = YES;
				CLANG_WARN_DIRECT_OBJC_ISA_USAGE = YES_ERROR;
				CLANG_WARN_DOCUMENTATION_COMMENTS = YES;
				CLANG_WARN_EMPTY_BODY = YES;
				CLANG_WARN_ENUM_CONVERSION = YES;
				CLANG_WARN_INFINITE_RECURSION = YES;
				CLANG_WARN_INT_CONVERSION = YES;
				CLANG_WARN_NON_LITERAL_NULL_CONVERSION = YES;
				CLANG_WARN_OBJC_IMPLICIT_RETAIN_SELF = YES;
				CLANG_WARN_OBJC_LITERAL_CONVERSION = YES;
				CLANG_WARN_OBJC_ROOT_CLASS = YES_ERROR;
				CLANG_WARN_QUOTED_INCLUDE_IN_FRAMEWORK_HEADER = YES;
				CLANG_WARN_RANGE_LOOP_ANALYSIS = YES;
				CLANG_WARN_STRICT_PROTOTYPES = YES;
				CLANG_WARN_SUSPICIOUS_MOVE = YES;
				CLANG_WARN_UNGUARDED_AVAILABILITY = YES_AGGRESSIVE;
				CLANG_WARN_UNREACHABLE_CODE = YES;
				CLANG_WARN__DUPLICATE_METHOD_MATCH = YES;
				COPY_PHASE_STRIP = NO;
				DEBUG_INFORMATION_FORMAT = "dwarf-with-dsym";
				ENABLE_NS_ASSERTIONS = NO;
				ENABLE_STRICT_OBJC_MSGSEND = YES;
				GCC_C_LANGUAGE_STANDARD = gnu11;
				GCC_NO_COMMON_BLOCKS = YES;
				GCC_WARN_64_TO_32_BIT_CONVERSION = YES;
				GCC_WARN_ABOUT_RETURN_TYPE = YES_ERROR;
				GCC_WARN_UNDECLARED_SELECTOR = YES;
				GCC_WARN_UNINITIALIZED_AUTOS = YES_AGGRESSIVE;
				GCC_WARN_UNUSED_FUNCTION = YES;
				GCC_WARN_UNUSED_VARIABLE = YES;
				IPHONEOS_DEPLOYMENT_TARGET = 14.2;
				MTL_ENABLE_DEBUG_INFO = NO;
				MTL_FAST_MATH = YES;
				SDKROOT = iphoneos;
				SWIFT_COMPILATION_MODE = wholemodule;
				SWIFT_OPTIMIZATION_LEVEL = "-O";
				VALIDATE_PRODUCT = YES;
			};
			name = Release;
		};
		DCBE2D8025A5724B00FD7C8F /* Debug */ = {
			isa = XCBuildConfiguration;
			baseConfigurationReference = 79EC6A19E43C5DAA31C7FC4D /* Pods-MeowMeowApp.debug.xcconfig */;
			buildSettings = {
				ASSETCATALOG_COMPILER_APPICON_NAME = AppIcon;
				ASSETCATALOG_COMPILER_GLOBAL_ACCENT_COLOR_NAME = AccentColor;
				CODE_SIGN_STYLE = Automatic;
				DEVELOPMENT_ASSET_PATHS = "\"MeowMeowApp/Preview Content\"";
				ENABLE_PREVIEWS = YES;
				INFOPLIST_FILE = MeowMeowApp/Info.plist;
				IPHONEOS_DEPLOYMENT_TARGET = 13.1;
				LD_RUNPATH_SEARCH_PATHS = (
					"$(inherited)",
					"@executable_path/Frameworks",
				);
				PRODUCT_BUNDLE_IDENTIFIER = com.vietnguyen.MeowMeowApp;
				PRODUCT_NAME = "$(TARGET_NAME)";
				SWIFT_VERSION = 5.0;
				TARGETED_DEVICE_FAMILY = "1,2";
			};
			name = Debug;
		};
		DCBE2D8125A5724B00FD7C8F /* Release */ = {
			isa = XCBuildConfiguration;
			baseConfigurationReference = 0BFDB4D803C1B3B507886E06 /* Pods-MeowMeowApp.release.xcconfig */;
			buildSettings = {
				ASSETCATALOG_COMPILER_APPICON_NAME = AppIcon;
				ASSETCATALOG_COMPILER_GLOBAL_ACCENT_COLOR_NAME = AccentColor;
				CODE_SIGN_STYLE = Automatic;
				DEVELOPMENT_ASSET_PATHS = "\"MeowMeowApp/Preview Content\"";
				ENABLE_PREVIEWS = YES;
				INFOPLIST_FILE = MeowMeowApp/Info.plist;
				IPHONEOS_DEPLOYMENT_TARGET = 13.1;
				LD_RUNPATH_SEARCH_PATHS = (
					"$(inherited)",
					"@executable_path/Frameworks",
				);
				PRODUCT_BUNDLE_IDENTIFIER = com.vietnguyen.MeowMeowApp;
				PRODUCT_NAME = "$(TARGET_NAME)";
				SWIFT_VERSION = 5.0;
				TARGETED_DEVICE_FAMILY = "1,2";
			};
			name = Release;
		};
/* End XCBuildConfiguration section */

/* Begin XCConfigurationList section */
		DCBE2D6625A5724700FD7C8F /* Build configuration list for PBXProject "MeowMeowApp" */ = {
			isa = XCConfigurationList;
			buildConfigurations = (
				DCBE2D7D25A5724B00FD7C8F /* Debug */,
				DCBE2D7E25A5724B00FD7C8F /* Release */,
			);
			defaultConfigurationIsVisible = 0;
			defaultConfigurationName = Release;
		};
		DCBE2D7F25A5724B00FD7C8F /* Build configuration list for PBXNativeTarget "MeowMeowApp" */ = {
			isa = XCConfigurationList;
			buildConfigurations = (
				DCBE2D8025A5724B00FD7C8F /* Debug */,
				DCBE2D8125A5724B00FD7C8F /* Release */,
			);
			defaultConfigurationIsVisible = 0;
			defaultConfigurationName = Release;
		};
/* End XCConfigurationList section */
	};
	rootObject = DCBE2D6325A5724700FD7C8F /* Project object */;
}
